{
    "name": "mqtt-netatmo-bridge",
    "version": "0.0.1",
    "lockfileVersion": 1,
    "requires": true,
    "dependencies": {
        "ajv": {
            "version": "https://registry.npmjs.org/ajv/-/ajv-4.11.7.tgz",
            "integrity": "sha1-hlWl2G0IJJhcxHGh2RP7Zymg7Eg=",
            "requires": {
                "co": "https://registry.npmjs.org/co/-/co-4.6.0.tgz",
                "json-stable-stringify": "https://registry.npmjs.org/json-stable-stringify/-/json-stable-stringify-1.0.1.tgz"
            }
        },
        "asn1": {
            "version": "https://registry.npmjs.org/asn1/-/asn1-0.2.3.tgz",
            "integrity": "sha1-2sh4dxPJlmhJ/IGAd36+nB3fO4Y="
        },
        "assert-plus": {
            "version": "https://registry.npmjs.org/assert-plus/-/assert-plus-0.2.0.tgz",
            "integrity": "sha1-104bh+ev/A24qttwIfP+SBAasjQ="
        },
        "async": {
            "version": "https://registry.npmjs.org/async/-/async-1.0.0.tgz",
            "integrity": "sha1-+PwEyjoTeErenhZBr5hXjPvWR6k="
        },
        "asynckit": {
            "version": "https://registry.npmjs.org/asynckit/-/asynckit-0.4.0.tgz",
            "integrity": "sha1-x57Zf380y48robyXkLzDZkdLS3k="
        },
        "aws-sign2": {
            "version": "https://registry.npmjs.org/aws-sign2/-/aws-sign2-0.6.0.tgz",
            "integrity": "sha1-FDQt0428yU0OW4fXY81jYSwOeU8="
        },
        "aws4": {
            "version": "https://registry.npmjs.org/aws4/-/aws4-1.6.0.tgz",
            "integrity": "sha1-g+9cqGCysy5KDe7e6MdxudtXRx4="
        },
        "balanced-match": {
            "version": "https://registry.npmjs.org/balanced-match/-/balanced-match-0.4.2.tgz",
            "integrity": "sha1-yz8+PHMtwPAe5wtAPzAuYddwmDg="
        },
        "bcrypt-pbkdf": {
            "version": "https://registry.npmjs.org/bcrypt-pbkdf/-/bcrypt-pbkdf-1.0.1.tgz",
            "integrity": "sha1-Y7xdy2EzG5K8Bf1SiVPDNGKgb40=",
            "optional": true,
            "requires": {
                "tweetnacl": "https://registry.npmjs.org/tweetnacl/-/tweetnacl-0.14.5.tgz"
            }
        },
        "bl": {
            "version": "https://registry.npmjs.org/bl/-/bl-1.2.0.tgz",
            "integrity": "sha1-E5fn7ELF9dw4dHDFAONKn2vp6pg=",
            "requires": {
                "readable-stream": "https://registry.npmjs.org/readable-stream/-/readable-stream-2.2.9.tgz"
            }
        },
        "boom": {
            "version": "https://registry.npmjs.org/boom/-/boom-2.10.1.tgz",
            "integrity": "sha1-OciRjO/1eZ+D+UkqhI9iWt0Mdm8=",
            "requires": {
                "hoek": "https://registry.npmjs.org/hoek/-/hoek-2.16.3.tgz"
            }
        },
        "brace-expansion": {
            "version": "https://registry.npmjs.org/brace-expansion/-/brace-expansion-1.1.7.tgz",
            "integrity": "sha1-Pv/DxQ4ABTH7cg6v+A8K6O8jz1k=",
            "requires": {
                "balanced-match": "https://registry.npmjs.org/balanced-match/-/balanced-match-0.4.2.tgz",
                "concat-map": "https://registry.npmjs.org/concat-map/-/concat-map-0.0.1.tgz"
            }
        },
        "buffer-shims": {
            "version": "https://registry.npmjs.org/buffer-shims/-/buffer-shims-1.0.0.tgz",
            "integrity": "sha1-mXjOMXOIxkmth5MCjDR37wRKi1E="
        },
        "callback-stream": {
            "version": "https://registry.npmjs.org/callback-stream/-/callback-stream-1.1.0.tgz",
            "integrity": "sha1-RwGlEmbwbgbqpx/BcjOCLYdfSQg=",
            "requires": {
                "inherits": "https://registry.npmjs.org/inherits/-/inherits-2.0.3.tgz",
                "readable-stream": "https://registry.npmjs.org/readable-stream/-/readable-stream-2.2.9.tgz"
            }
        },
        "caseless": {
            "version": "https://registry.npmjs.org/caseless/-/caseless-0.12.0.tgz",
            "integrity": "sha1-G2gcIf+EAzyCZUMJBolCDRhxUdw="
        },
        "co": {
            "version": "https://registry.npmjs.org/co/-/co-4.6.0.tgz",
            "integrity": "sha1-bqa989hTrlTMuOR7+gvz+QMfsYQ="
        },
        "colors": {
            "version": "https://registry.npmjs.org/colors/-/colors-1.0.3.tgz",
            "integrity": "sha1-BDP0TYCWgP3rYO0mDxsMJi6CpAs="
        },
        "combined-stream": {
            "version": "https://registry.npmjs.org/combined-stream/-/combined-stream-1.0.5.tgz",
            "integrity": "sha1-k4NwpXtKUd6ix3wV1cX9+JUWQAk=",
            "requires": {
                "delayed-stream": "https://registry.npmjs.org/delayed-stream/-/delayed-stream-1.0.0.tgz"
            }
        },
        "commist": {
            "version": "https://registry.npmjs.org/commist/-/commist-1.0.0.tgz",
            "integrity": "sha1-wMNSUBz29S6RJOPvicmAbiAi6+8=",
            "requires": {
                "leven": "https://registry.npmjs.org/leven/-/leven-1.0.2.tgz",
                "minimist": "https://registry.npmjs.org/minimist/-/minimist-1.2.0.tgz"
            }
        },
        "concat-map": {
            "version": "https://registry.npmjs.org/concat-map/-/concat-map-0.0.1.tgz",
            "integrity": "sha1-2Klr13/Wjfd5OnMDajug1UBdR3s="
        },
        "concat-stream": {
            "version": "https://registry.npmjs.org/concat-stream/-/concat-stream-1.6.0.tgz",
            "integrity": "sha1-CqxmL9Ur54lk1VMvaUeE5wEQrPc=",
            "requires": {
                "inherits": "https://registry.npmjs.org/inherits/-/inherits-2.0.3.tgz",
                "readable-stream": "https://registry.npmjs.org/readable-stream/-/readable-stream-2.2.9.tgz",
                "typedarray": "https://registry.npmjs.org/typedarray/-/typedarray-0.0.6.tgz"
            }
        },
        "core-util-is": {
            "version": "https://registry.npmjs.org/core-util-is/-/core-util-is-1.0.2.tgz",
            "integrity": "sha1-tf1UIgqivFq1eqtxQMlAdUUDwac="
        },
        "cryptiles": {
            "version": "https://registry.npmjs.org/cryptiles/-/cryptiles-2.0.5.tgz",
            "integrity": "sha1-O9/s3GCBR8HGcgL6KR59ylnqo7g=",
            "requires": {
                "boom": "https://registry.npmjs.org/boom/-/boom-2.10.1.tgz"
            }
        },
        "cycle": {
            "version": "https://registry.npmjs.org/cycle/-/cycle-1.0.3.tgz",
            "integrity": "sha1-IegLK+hYD5i0aPN5QwZisEbDStI="
        },
        "dashdash": {
            "version": "https://registry.npmjs.org/dashdash/-/dashdash-1.14.1.tgz",
            "integrity": "sha1-hTz6D3y+L+1d4gMmuN1YEDX24vA=",
            "requires": {
                "assert-plus": "https://registry.npmjs.org/assert-plus/-/assert-plus-1.0.0.tgz"
            },
            "dependencies": {
                "assert-plus": {
                    "version": "https://registry.npmjs.org/assert-plus/-/assert-plus-1.0.0.tgz",
                    "integrity": "sha1-8S4PPF13sLHN2RRpQuTpbB5N1SU="
                }
            }
        },
        "delayed-stream": {
            "version": "https://registry.npmjs.org/delayed-stream/-/delayed-stream-1.0.0.tgz",
            "integrity": "sha1-3zrhmayt+31ECqrgsp4icrJOxhk="
        },
        "dfrrd": {
            "version": "https://registry.npmjs.org/dfrrd/-/dfrrd-0.2.0.tgz",
            "integrity": "sha1-ppI47LCMDr977EoPxQS5E+qKKK4="
        },
        "duplexify": {
            "version": "https://registry.npmjs.org/duplexify/-/duplexify-3.5.0.tgz",
            "integrity": "sha1-GqdzAC4VeEV+nZ1KULDMquvL1gQ=",
            "requires": {
                "end-of-stream": "https://registry.npmjs.org/end-of-stream/-/end-of-stream-1.0.0.tgz",
                "inherits": "https://registry.npmjs.org/inherits/-/inherits-2.0.3.tgz",
                "readable-stream": "https://registry.npmjs.org/readable-stream/-/readable-stream-2.2.9.tgz",
                "stream-shift": "https://registry.npmjs.org/stream-shift/-/stream-shift-1.0.0.tgz"
            },
            "dependencies": {
                "end-of-stream": {
                    "version": "https://registry.npmjs.org/end-of-stream/-/end-of-stream-1.0.0.tgz",
                    "integrity": "sha1-1FlucCc0qT5A6a+GQxnqvZn/Lw4=",
                    "requires": {
                        "once": "https://registry.npmjs.org/once/-/once-1.3.3.tgz"
                    }
                },
                "once": {
                    "version": "https://registry.npmjs.org/once/-/once-1.3.3.tgz",
                    "integrity": "sha1-suJhVXzkwxTsgwTz+oJmPkKXyiA=",
                    "requires": {
                        "wrappy": "https://registry.npmjs.org/wrappy/-/wrappy-1.0.2.tgz"
                    }
                }
            }
        },
        "ecc-jsbn": {
            "version": "https://registry.npmjs.org/ecc-jsbn/-/ecc-jsbn-0.1.1.tgz",
            "integrity": "sha1-D8c6ntXw1Tw4GTOYUj735UN3dQU=",
            "optional": true,
            "requires": {
                "jsbn": "https://registry.npmjs.org/jsbn/-/jsbn-0.1.1.tgz"
            }
        },
        "end-of-stream": {
            "version": "https://registry.npmjs.org/end-of-stream/-/end-of-stream-1.4.0.tgz",
            "integrity": "sha1-epDYM+/abPpurA9JSduw+tOmMgY=",
            "requires": {
                "once": "https://registry.npmjs.org/once/-/once-1.4.0.tgz"
            }
        },
        "extend": {
            "version": "https://registry.npmjs.org/extend/-/extend-3.0.0.tgz",
            "integrity": "sha1-WkdDU7nzNT3dgXbf03uRyDpG8dQ="
        },
        "extend-shallow": {
            "version": "https://registry.npmjs.org/extend-shallow/-/extend-shallow-2.0.1.tgz",
            "integrity": "sha1-Ua99YUrZqfYQ6huvu5idaxxWiQ8=",
            "requires": {
                "is-extendable": "https://registry.npmjs.org/is-extendable/-/is-extendable-0.1.1.tgz"
            }
        },
        "extsprintf": {
            "version": "https://registry.npmjs.org/extsprintf/-/extsprintf-1.0.2.tgz",
            "integrity": "sha1-4QgOBljjALBilJkMxw4VAiNf1VA="
        },
        "eyes": {
            "version": "https://registry.npmjs.org/eyes/-/eyes-0.1.8.tgz",
            "integrity": "sha1-Ys8SAjTGg3hdkCNIqADvPgzCC8A="
        },
        "forever-agent": {
            "version": "https://registry.npmjs.org/forever-agent/-/forever-agent-0.6.1.tgz",
            "integrity": "sha1-+8cfDEGt6zf5bFd60e1C2P2sypE="
        },
        "form-data": {
            "version": "https://registry.npmjs.org/form-data/-/form-data-2.1.4.tgz",
            "integrity": "sha1-M8GDrPGTJ27KqYFDpp6Uv+4XUNE=",
            "requires": {
                "asynckit": "https://registry.npmjs.org/asynckit/-/asynckit-0.4.0.tgz",
                "combined-stream": "https://registry.npmjs.org/combined-stream/-/combined-stream-1.0.5.tgz",
                "mime-types": "https://registry.npmjs.org/mime-types/-/mime-types-2.1.15.tgz"
            }
        },
        "fs.realpath": {
            "version": "https://registry.npmjs.org/fs.realpath/-/fs.realpath-1.0.0.tgz",
            "integrity": "sha1-FQStJSMVjKpA20onh8sBQRmU6k8="
        },
        "getpass": {
            "version": "https://registry.npmjs.org/getpass/-/getpass-0.1.6.tgz",
            "integrity": "sha1-KD/9n8ElaECHUxHBtg6MQBhxEOY=",
            "requires": {
                "assert-plus": "https://registry.npmjs.org/assert-plus/-/assert-plus-1.0.0.tgz"
            },
            "dependencies": {
                "assert-plus": {
                    "version": "https://registry.npmjs.org/assert-plus/-/assert-plus-1.0.0.tgz",
                    "integrity": "sha1-8S4PPF13sLHN2RRpQuTpbB5N1SU="
                }
            }
        },
        "glob": {
            "version": "https://registry.npmjs.org/glob/-/glob-7.1.1.tgz",
            "integrity": "sha1-gFIR3wT6rxxjo2ADBs31reULLsg=",
            "requires": {
                "fs.realpath": "https://registry.npmjs.org/fs.realpath/-/fs.realpath-1.0.0.tgz",
                "inflight": "https://registry.npmjs.org/inflight/-/inflight-1.0.6.tgz",
                "inherits": "https://registry.npmjs.org/inherits/-/inherits-2.0.3.tgz",
                "minimatch": "https://registry.npmjs.org/minimatch/-/minimatch-3.0.3.tgz",
                "once": "https://registry.npmjs.org/once/-/once-1.4.0.tgz",
                "path-is-absolute": "https://registry.npmjs.org/path-is-absolute/-/path-is-absolute-1.0.1.tgz"
            }
        },
        "glob-parent": {
            "version": "https://registry.npmjs.org/glob-parent/-/glob-parent-3.1.0.tgz",
            "integrity": "sha1-nmr2KZ2NO9K9QEMIMr0RPfkGxa4=",
            "requires": {
                "is-glob": "https://registry.npmjs.org/is-glob/-/is-glob-3.1.0.tgz",
                "path-dirname": "https://registry.npmjs.org/path-dirname/-/path-dirname-1.0.2.tgz"
            }
        },
        "glob-stream": {
            "version": "https://registry.npmjs.org/glob-stream/-/glob-stream-6.1.0.tgz",
            "integrity": "sha1-cEXJlBOz65SIjYOrRtC0BMx73eQ=",
            "requires": {
                "extend": "https://registry.npmjs.org/extend/-/extend-3.0.0.tgz",
                "glob": "https://registry.npmjs.org/glob/-/glob-7.1.1.tgz",
                "glob-parent": "https://registry.npmjs.org/glob-parent/-/glob-parent-3.1.0.tgz",
                "is-negated-glob": "https://registry.npmjs.org/is-negated-glob/-/is-negated-glob-1.0.0.tgz",
                "ordered-read-streams": "https://registry.npmjs.org/ordered-read-streams/-/ordered-read-streams-1.0.0.tgz",
                "pumpify": "https://registry.npmjs.org/pumpify/-/pumpify-1.3.5.tgz",
                "readable-stream": "https://registry.npmjs.org/readable-stream/-/readable-stream-2.2.9.tgz",
                "remove-trailing-separator": "https://registry.npmjs.org/remove-trailing-separator/-/remove-trailing-separator-1.0.1.tgz",
                "to-absolute-glob": "https://registry.npmjs.org/to-absolute-glob/-/to-absolute-glob-2.0.1.tgz",
                "unique-stream": "https://registry.npmjs.org/unique-stream/-/unique-stream-2.2.1.tgz"
            }
        },
        "har-schema": {
            "version": "https://registry.npmjs.org/har-schema/-/har-schema-1.0.5.tgz",
            "integrity": "sha1-0mMTX0MwfALGAq/I/pWXDAFRNp4="
        },
        "har-validator": {
            "version": "https://registry.npmjs.org/har-validator/-/har-validator-4.2.1.tgz",
            "integrity": "sha1-M0gdDxu/9gDdID11gSpqX7oALio=",
            "requires": {
                "ajv": "https://registry.npmjs.org/ajv/-/ajv-4.11.7.tgz",
                "har-schema": "https://registry.npmjs.org/har-schema/-/har-schema-1.0.5.tgz"
            }
        },
        "hawk": {
            "version": "https://registry.npmjs.org/hawk/-/hawk-3.1.3.tgz",
            "integrity": "sha1-B4REvXwWQLD+VA0sm3PVlnjo4cQ=",
            "requires": {
                "boom": "https://registry.npmjs.org/boom/-/boom-2.10.1.tgz",
                "cryptiles": "https://registry.npmjs.org/cryptiles/-/cryptiles-2.0.5.tgz",
                "hoek": "https://registry.npmjs.org/hoek/-/hoek-2.16.3.tgz",
                "sntp": "https://registry.npmjs.org/sntp/-/sntp-1.0.9.tgz"
            }
        },
        "help-me": {
            "version": "https://registry.npmjs.org/help-me/-/help-me-1.1.0.tgz",
            "integrity": "sha1-jy1QjQYAtKRW2i8IZVbn5cBWo8Y=",
            "requires": {
                "callback-stream": "https://registry.npmjs.org/callback-stream/-/callback-stream-1.1.0.tgz",
                "glob-stream": "https://registry.npmjs.org/glob-stream/-/glob-stream-6.1.0.tgz",
                "through2": "https://registry.npmjs.org/through2/-/through2-2.0.3.tgz",
                "xtend": "https://registry.npmjs.org/xtend/-/xtend-4.0.1.tgz"
            }
        },
        "hoek": {
            "version": "https://registry.npmjs.org/hoek/-/hoek-2.16.3.tgz",
            "integrity": "sha1-ILt0A9POo5jpHcRxCo/xuCdKJe0="
        },
        "http-signature": {
            "version": "https://registry.npmjs.org/http-signature/-/http-signature-1.1.1.tgz",
            "integrity": "sha1-33LiZwZs0Kxn+3at+OE0qPvPkb8=",
            "requires": {
                "assert-plus": "https://registry.npmjs.org/assert-plus/-/assert-plus-0.2.0.tgz",
                "jsprim": "https://registry.npmjs.org/jsprim/-/jsprim-1.4.0.tgz",
                "sshpk": "https://registry.npmjs.org/sshpk/-/sshpk-1.13.0.tgz"
            }
        },
        "inflight": {
            "version": "https://registry.npmjs.org/inflight/-/inflight-1.0.6.tgz",
            "integrity": "sha1-Sb1jMdfQLQwJvJEKEHW6gWW1bfk=",
            "requires": {
                "once": "https://registry.npmjs.org/once/-/once-1.4.0.tgz",
                "wrappy": "https://registry.npmjs.org/wrappy/-/wrappy-1.0.2.tgz"
            }
        },
        "inherits": {
            "version": "https://registry.npmjs.org/inherits/-/inherits-2.0.3.tgz",
            "integrity": "sha1-Yzwsg+PaQqUC9SRmAiSA9CCCYd4="
        },
        "is-absolute": {
            "version": "https://registry.npmjs.org/is-absolute/-/is-absolute-0.2.6.tgz",
            "integrity": "sha1-IN5p89uULvLYe5wto28XIjWxtes=",
            "requires": {
                "is-relative": "https://registry.npmjs.org/is-relative/-/is-relative-0.2.1.tgz",
                "is-windows": "https://registry.npmjs.org/is-windows/-/is-windows-0.2.0.tgz"
            }
        },
        "is-extendable": {
            "version": "https://registry.npmjs.org/is-extendable/-/is-extendable-0.1.1.tgz",
            "integrity": "sha1-YrEQ4omkcUGOPsNqYX1HLjAd/Ik="
        },
        "is-extglob": {
            "version": "https://registry.npmjs.org/is-extglob/-/is-extglob-2.1.1.tgz",
            "integrity": "sha1-qIwCU1eR8C7TfHahueqXc8gz+MI="
        },
        "is-glob": {
            "version": "https://registry.npmjs.org/is-glob/-/is-glob-3.1.0.tgz",
            "integrity": "sha1-e6WuJCF4BKxwcHuWkiVnSGzD6Eo=",
            "requires": {
                "is-extglob": "https://registry.npmjs.org/is-extglob/-/is-extglob-2.1.1.tgz"
            }
        },
        "is-negated-glob": {
            "version": "https://registry.npmjs.org/is-negated-glob/-/is-negated-glob-1.0.0.tgz",
            "integrity": "sha1-aRC8pdqMleeEtXUbl2z1oQ/uNtI="
        },
        "is-relative": {
            "version": "https://registry.npmjs.org/is-relative/-/is-relative-0.2.1.tgz",
            "integrity": "sha1-0n9MfVFtF1+2ENuEu+7yPDvJeqU=",
            "requires": {
                "is-unc-path": "https://registry.npmjs.org/is-unc-path/-/is-unc-path-0.1.2.tgz"
            }
        },
        "is-stream": {
            "version": "https://registry.npmjs.org/is-stream/-/is-stream-1.1.0.tgz",
            "integrity": "sha1-EtSj3U5o4Lec6428hBc66A2RykQ="
        },
        "is-typedarray": {
            "version": "https://registry.npmjs.org/is-typedarray/-/is-typedarray-1.0.0.tgz",
            "integrity": "sha1-5HnICFjfDBsR3dppQPlgEfzaSpo="
        },
        "is-unc-path": {
            "version": "https://registry.npmjs.org/is-unc-path/-/is-unc-path-0.1.2.tgz",
            "integrity": "sha1-arBTpyVzwQJQ/0FqOBTDUXivObk=",
            "requires": {
                "unc-path-regex": "https://registry.npmjs.org/unc-path-regex/-/unc-path-regex-0.1.2.tgz"
            }
        },
        "is-windows": {
            "version": "https://registry.npmjs.org/is-windows/-/is-windows-0.2.0.tgz",
            "integrity": "sha1-3hqm1j6indJIc3tp8f+LgALSEIw="
        },
        "isarray": {
            "version": "https://registry.npmjs.org/isarray/-/isarray-1.0.0.tgz",
            "integrity": "sha1-u5NdSFgsuhaMBoNJV6VKPgcSTxE="
        },
        "isstream": {
            "version": "https://registry.npmjs.org/isstream/-/isstream-0.1.2.tgz",
            "integrity": "sha1-R+Y/evVa+m+S4VAOaQ64uFKcCZo="
        },
        "jodid25519": {
            "version": "https://registry.npmjs.org/jodid25519/-/jodid25519-1.0.2.tgz",
            "integrity": "sha1-BtSRIlUJNBlHfUJWM2BuDpB4KWc=",
            "optional": true,
            "requires": {
                "jsbn": "https://registry.npmjs.org/jsbn/-/jsbn-0.1.1.tgz"
            }
        },
        "jsbn": {
            "version": "https://registry.npmjs.org/jsbn/-/jsbn-0.1.1.tgz",
            "integrity": "sha1-peZUwuWi3rXyAdls77yoDA7y9RM=",
            "optional": true
        },
        "json-schema": {
            "version": "https://registry.npmjs.org/json-schema/-/json-schema-0.2.3.tgz",
            "integrity": "sha1-tIDIkuWaLwWVTOcnvT8qTogvnhM="
        },
        "json-stable-stringify": {
            "version": "https://registry.npmjs.org/json-stable-stringify/-/json-stable-stringify-1.0.1.tgz",
            "integrity": "sha1-mnWdOcXy/1A/1TAGRu1EX4jE+a8=",
            "requires": {
                "jsonify": "https://registry.npmjs.org/jsonify/-/jsonify-0.0.0.tgz"
            }
        },
        "json-stringify-safe": {
            "version": "https://registry.npmjs.org/json-stringify-safe/-/json-stringify-safe-5.0.1.tgz",
            "integrity": "sha1-Epai1Y/UXxmg9s4B1lcB4sc1tus="
        },
        "jsonify": {
            "version": "https://registry.npmjs.org/jsonify/-/jsonify-0.0.0.tgz",
            "integrity": "sha1-LHS27kHZPKUbe1qu6PUDYx0lKnM="
        },
        "jsprim": {
            "version": "https://registry.npmjs.org/jsprim/-/jsprim-1.4.0.tgz",
            "integrity": "sha1-o7h+QCmNjDgFUtjMdiigu5WiKRg=",
            "requires": {
                "assert-plus": "https://registry.npmjs.org/assert-plus/-/assert-plus-1.0.0.tgz",
                "extsprintf": "https://registry.npmjs.org/extsprintf/-/extsprintf-1.0.2.tgz",
                "json-schema": "https://registry.npmjs.org/json-schema/-/json-schema-0.2.3.tgz",
                "verror": "https://registry.npmjs.org/verror/-/verror-1.3.6.tgz"
            },
            "dependencies": {
                "assert-plus": {
                    "version": "https://registry.npmjs.org/assert-plus/-/assert-plus-1.0.0.tgz",
                    "integrity": "sha1-8S4PPF13sLHN2RRpQuTpbB5N1SU="
                }
            }
        },
        "leven": {
            "version": "https://registry.npmjs.org/leven/-/leven-1.0.2.tgz",
            "integrity": "sha1-kUS27ryl8dBoAWnxpncNzqYLdcM="
        },
        "lodash": {
            "version": "https://registry.npmjs.org/lodash/-/lodash-4.17.4.tgz",
            "integrity": "sha1-eCA6TRwyiuHYbcpkYONptX9AVa4="
        },
        "mime-db": {
            "version": "https://registry.npmjs.org/mime-db/-/mime-db-1.27.0.tgz",
            "integrity": "sha1-gg9XIpa70g7CXtVeW13oaeVDbrE="
        },
        "mime-types": {
            "version": "https://registry.npmjs.org/mime-types/-/mime-types-2.1.15.tgz",
            "integrity": "sha1-pOv1BkCUVpI3uM9wBGd20J/JKu0=",
            "requires": {
                "mime-db": "https://registry.npmjs.org/mime-db/-/mime-db-1.27.0.tgz"
            }
        },
        "minimatch": {
            "version": "https://registry.npmjs.org/minimatch/-/minimatch-3.0.3.tgz",
            "integrity": "sha1-Kk5AkLlrLbBqnX3wEFWmKnfJt3Q=",
            "requires": {
                "brace-expansion": "https://registry.npmjs.org/brace-expansion/-/brace-expansion-1.1.7.tgz"
            }
        },
        "minimist": {
            "version": "https://registry.npmjs.org/minimist/-/minimist-1.2.0.tgz",
            "integrity": "sha1-o1AIsg9BOD7sH7kU9M1d95omQoQ="
        },
        "moment": {
            "version": "https://registry.npmjs.org/moment/-/moment-2.18.1.tgz",
            "integrity": "sha1-w2GT3Tzhwu7SrbfIAtu8d6gbHA8="
        },
        "mqtt": {
            "version": "https://registry.npmjs.org/mqtt/-/mqtt-2.6.2.tgz",
            "integrity": "sha1-ncX8hT3UoEnIWeJMZ1S0LxjOh3Q=",
            "requires": {
                "commist": "https://registry.npmjs.org/commist/-/commist-1.0.0.tgz",
                "concat-stream": "https://registry.npmjs.org/concat-stream/-/concat-stream-1.6.0.tgz",
                "end-of-stream": "https://registry.npmjs.org/end-of-stream/-/end-of-stream-1.4.0.tgz",
                "help-me": "https://registry.npmjs.org/help-me/-/help-me-1.1.0.tgz",
                "inherits": "https://registry.npmjs.org/inherits/-/inherits-2.0.3.tgz",
                "minimist": "https://registry.npmjs.org/minimist/-/minimist-1.2.0.tgz",
                "mqtt-packet": "https://registry.npmjs.org/mqtt-packet/-/mqtt-packet-5.3.0.tgz",
                "pump": "https://registry.npmjs.org/pump/-/pump-1.0.2.tgz",
                "readable-stream": "https://registry.npmjs.org/readable-stream/-/readable-stream-2.2.9.tgz",
                "reinterval": "https://registry.npmjs.org/reinterval/-/reinterval-1.1.0.tgz",
                "split2": "https://registry.npmjs.org/split2/-/split2-2.1.1.tgz",
                "websocket-stream": "https://registry.npmjs.org/websocket-stream/-/websocket-stream-4.0.0.tgz",
                "xtend": "https://registry.npmjs.org/xtend/-/xtend-4.0.1.tgz"
            }
        },
        "mqtt-packet": {
            "version": "https://registry.npmjs.org/mqtt-packet/-/mqtt-packet-5.3.0.tgz",
            "integrity": "sha1-B47VmuTAb+vzs+rKkLUOl+Jp8gY=",
            "requires": {
                "bl": "https://registry.npmjs.org/bl/-/bl-1.2.0.tgz",
                "inherits": "https://registry.npmjs.org/inherits/-/inherits-2.0.3.tgz",
                "process-nextick-args": "https://registry.npmjs.org/process-nextick-args/-/process-nextick-args-1.0.7.tgz",
                "safe-buffer": "https://registry.npmjs.org/safe-buffer/-/safe-buffer-5.0.1.tgz"
            }
        },
        "netatmo": {
            "version": "https://registry.npmjs.org/netatmo/-/netatmo-2.1.0.tgz",
            "integrity": "sha1-uKEAvhsa8w23TP5s45ssmXU623E=",
            "requires": {
                "moment": "https://registry.npmjs.org/moment/-/moment-2.18.1.tgz",
                "request": "https://registry.npmjs.org/request/-/request-2.81.0.tgz"
            }
        },
        "oauth-sign": {
            "version": "https://registry.npmjs.org/oauth-sign/-/oauth-sign-0.8.2.tgz",
            "integrity": "sha1-Rqarfwrq2N6unsBWV4C31O/rnUM="
        },
        "once": {
            "version": "https://registry.npmjs.org/once/-/once-1.4.0.tgz",
            "integrity": "sha1-WDsap3WWHUsROsF9nFC6753Xa9E=",
            "requires": {
                "wrappy": "https://registry.npmjs.org/wrappy/-/wrappy-1.0.2.tgz"
            }
        },
        "ordered-read-streams": {
            "version": "https://registry.npmjs.org/ordered-read-streams/-/ordered-read-streams-1.0.0.tgz",
            "integrity": "sha1-1nSob/zt+D0K4Gr6KRiFXpbUAzo=",
            "requires": {
                "is-stream": "https://registry.npmjs.org/is-stream/-/is-stream-1.1.0.tgz",
                "readable-stream": "https://registry.npmjs.org/readable-stream/-/readable-stream-2.2.9.tgz"
            }
        },
        "path-dirname": {
            "version": "https://registry.npmjs.org/path-dirname/-/path-dirname-1.0.2.tgz",
            "integrity": "sha1-zDPSTVJeCZpTiMAzbG4yuRYGCeA="
        },
        "path-is-absolute": {
            "version": "https://registry.npmjs.org/path-is-absolute/-/path-is-absolute-1.0.1.tgz",
            "integrity": "sha1-F0uSaHNVNP+8es5r9TpanhtcX18="
        },
        "performance-now": {
            "version": "https://registry.npmjs.org/performance-now/-/performance-now-0.2.0.tgz",
            "integrity": "sha1-M+8wxcd9TqIcWlOGnZG1bY8lVeU="
        },
        "process-nextick-args": {
            "version": "https://registry.npmjs.org/process-nextick-args/-/process-nextick-args-1.0.7.tgz",
            "integrity": "sha1-FQ4gt1ZZCtP5EJPyWk8q2L/zC6M="
        },
        "pump": {
            "version": "https://registry.npmjs.org/pump/-/pump-1.0.2.tgz",
            "integrity": "sha1-Oz7mUS+U8OV1U4wXmV+fFpkKXVE=",
            "requires": {
                "end-of-stream": "https://registry.npmjs.org/end-of-stream/-/end-of-stream-1.4.0.tgz",
                "once": "https://registry.npmjs.org/once/-/once-1.4.0.tgz"
            }
        },
        "pumpify": {
            "version": "https://registry.npmjs.org/pumpify/-/pumpify-1.3.5.tgz",
            "integrity": "sha1-G2ccYZlAq8rqwK0OOjwWS+dgmTs=",
            "requires": {
                "duplexify": "https://registry.npmjs.org/duplexify/-/duplexify-3.5.0.tgz",
                "inherits": "https://registry.npmjs.org/inherits/-/inherits-2.0.3.tgz",
                "pump": "https://registry.npmjs.org/pump/-/pump-1.0.2.tgz"
            }
        },
        "punycode": {
            "version": "https://registry.npmjs.org/punycode/-/punycode-1.4.1.tgz",
            "integrity": "sha1-wNWmOycYgArY4esPpSachN1BhF4="
        },
        "qs": {
            "version": "https://registry.npmjs.org/qs/-/qs-6.4.0.tgz",
            "integrity": "sha1-E+JtKK1rD/qpExLNO/cI7TUecjM="
        },
        "querystring": {
            "version": "https://registry.npmjs.org/querystring/-/querystring-0.2.0.tgz",
            "integrity": "sha1-sgmEkgO7Jd+CDadW50cAWHhSFiA="
        },
        "readable-stream": {
            "version": "https://registry.npmjs.org/readable-stream/-/readable-stream-2.2.9.tgz",
            "integrity": "sha1-z3jsb0ptHrQ9JkiMrJfwQudLf8g=",
            "requires": {
                "buffer-shims": "https://registry.npmjs.org/buffer-shims/-/buffer-shims-1.0.0.tgz",
                "core-util-is": "https://registry.npmjs.org/core-util-is/-/core-util-is-1.0.2.tgz",
                "inherits": "https://registry.npmjs.org/inherits/-/inherits-2.0.3.tgz",
                "isarray": "https://registry.npmjs.org/isarray/-/isarray-1.0.0.tgz",
                "process-nextick-args": "https://registry.npmjs.org/process-nextick-args/-/process-nextick-args-1.0.7.tgz",
                "string_decoder": "https://registry.npmjs.org/string_decoder/-/string_decoder-1.0.0.tgz",
                "util-deprecate": "https://registry.npmjs.org/util-deprecate/-/util-deprecate-1.0.2.tgz"
            }
        },
        "reinterval": {
            "version": "https://registry.npmjs.org/reinterval/-/reinterval-1.1.0.tgz",
            "integrity": "sha1-M2Hs+jymwYKDOA3Qu5VG85D17Oc="
        },
        "remove-trailing-separator": {
            "version": "https://registry.npmjs.org/remove-trailing-separator/-/remove-trailing-separator-1.0.1.tgz",
            "integrity": "sha1-YV67lq9VlVLUv0BXyENtSGq2PMQ="
        },
        "repeat": {
            "version": "https://registry.npmjs.org/repeat/-/repeat-0.0.6.tgz",
            "integrity": "sha1-bJ2BM+uM6vjjgPBsabUUF7fLDo0=",
            "requires": {
                "dfrrd": "https://registry.npmjs.org/dfrrd/-/dfrrd-0.2.0.tgz"
            }
        },
        "request": {
            "version": "https://registry.npmjs.org/request/-/request-2.81.0.tgz",
            "integrity": "sha1-xpKJRqDgbF+Nb4qTM0af/aRimKA=",
            "requires": {
                "aws-sign2": "https://registry.npmjs.org/aws-sign2/-/aws-sign2-0.6.0.tgz",
                "aws4": "https://registry.npmjs.org/aws4/-/aws4-1.6.0.tgz",
                "caseless": "https://registry.npmjs.org/caseless/-/caseless-0.12.0.tgz",
                "combined-stream": "https://registry.npmjs.org/combined-stream/-/combined-stream-1.0.5.tgz",
                "extend": "https://registry.npmjs.org/extend/-/extend-3.0.0.tgz",
                "forever-agent": "https://registry.npmjs.org/forever-agent/-/forever-agent-0.6.1.tgz",
                "form-data": "https://registry.npmjs.org/form-data/-/form-data-2.1.4.tgz",
                "har-validator": "https://registry.npmjs.org/har-validator/-/har-validator-4.2.1.tgz",
                "hawk": "https://registry.npmjs.org/hawk/-/hawk-3.1.3.tgz",
                "http-signature": "https://registry.npmjs.org/http-signature/-/http-signature-1.1.1.tgz",
                "is-typedarray": "https://registry.npmjs.org/is-typedarray/-/is-typedarray-1.0.0.tgz",
                "isstream": "https://registry.npmjs.org/isstream/-/isstream-0.1.2.tgz",
                "json-stringify-safe": "https://registry.npmjs.org/json-stringify-safe/-/json-stringify-safe-5.0.1.tgz",
                "mime-types": "https://registry.npmjs.org/mime-types/-/mime-types-2.1.15.tgz",
                "oauth-sign": "https://registry.npmjs.org/oauth-sign/-/oauth-sign-0.8.2.tgz",
                "performance-now": "https://registry.npmjs.org/performance-now/-/performance-now-0.2.0.tgz",
                "qs": "https://registry.npmjs.org/qs/-/qs-6.4.0.tgz",
                "safe-buffer": "https://registry.npmjs.org/safe-buffer/-/safe-buffer-5.0.1.tgz",
                "stringstream": "https://registry.npmjs.org/stringstream/-/stringstream-0.0.5.tgz",
                "tough-cookie": "https://registry.npmjs.org/tough-cookie/-/tough-cookie-2.3.2.tgz",
                "tunnel-agent": "https://registry.npmjs.org/tunnel-agent/-/tunnel-agent-0.6.0.tgz",
                "uuid": "https://registry.npmjs.org/uuid/-/uuid-3.0.1.tgz"
            }
        },
        "safe-buffer": {
            "version": "https://registry.npmjs.org/safe-buffer/-/safe-buffer-5.0.1.tgz",
            "integrity": "sha1-0mPKVGls2KMGtcplUekt5XkY++c="
        },
        "sntp": {
            "version": "https://registry.npmjs.org/sntp/-/sntp-1.0.9.tgz",
            "integrity": "sha1-ZUEYTMkK7qbG57NeJlkIJEPGYZg=",
            "requires": {
                "hoek": "https://registry.npmjs.org/hoek/-/hoek-2.16.3.tgz"
            }
        },
        "split2": {
            "version": "https://registry.npmjs.org/split2/-/split2-2.1.1.tgz",
            "integrity": "sha1-eh9VHhdqkOzTNF9yRqDP4XXvT9A=",
            "requires": {
                "through2": "https://registry.npmjs.org/through2/-/through2-2.0.3.tgz"
            }
        },
        "splunk-logging": {
            "version": "0.9.3",
            "resolved": "https://registry.npmjs.org/splunk-logging/-/splunk-logging-0.9.3.tgz",
            "integrity": "sha1-6lJYS1WupFjHpm+ObeJOB/Rs8z0=",
            "requires": {
                "request": "https://registry.npmjs.org/request/-/request-2.81.0.tgz"
            }
        },
        "sshpk": {
            "version": "https://registry.npmjs.org/sshpk/-/sshpk-1.13.0.tgz",
            "integrity": "sha1-/yo+T9BEl1Vf7Zezmg/YL6+zozw=",
            "requires": {
                "asn1": "https://registry.npmjs.org/asn1/-/asn1-0.2.3.tgz",
                "assert-plus": "https://registry.npmjs.org/assert-plus/-/assert-plus-1.0.0.tgz",
                "bcrypt-pbkdf": "https://registry.npmjs.org/bcrypt-pbkdf/-/bcrypt-pbkdf-1.0.1.tgz",
                "dashdash": "https://registry.npmjs.org/dashdash/-/dashdash-1.14.1.tgz",
                "ecc-jsbn": "https://registry.npmjs.org/ecc-jsbn/-/ecc-jsbn-0.1.1.tgz",
                "getpass": "https://registry.npmjs.org/getpass/-/getpass-0.1.6.tgz",
                "jodid25519": "https://registry.npmjs.org/jodid25519/-/jodid25519-1.0.2.tgz",
                "jsbn": "https://registry.npmjs.org/jsbn/-/jsbn-0.1.1.tgz",
                "tweetnacl": "https://registry.npmjs.org/tweetnacl/-/tweetnacl-0.14.5.tgz"
            },
            "dependencies": {
                "assert-plus": {
                    "version": "https://registry.npmjs.org/assert-plus/-/assert-plus-1.0.0.tgz",
                    "integrity": "sha1-8S4PPF13sLHN2RRpQuTpbB5N1SU="
                }
            }
        },
        "stack-trace": {
            "version": "https://registry.npmjs.org/stack-trace/-/stack-trace-0.0.9.tgz",
            "integrity": "sha1-qPbq7KkGdMMz58Q5U/J1tFFRBpU="
        },
        "stream-shift": {
            "version": "https://registry.npmjs.org/stream-shift/-/stream-shift-1.0.0.tgz",
            "integrity": "sha1-1cdSgl5TZ+eG944Y5EXqIjoVWVI="
        },
        "string_decoder": {
            "version": "https://registry.npmjs.org/string_decoder/-/string_decoder-1.0.0.tgz",
            "integrity": "sha1-8G9BFXtmTYYGn4S9vcmw2KsoFmc=",
            "requires": {
                "buffer-shims": "https://registry.npmjs.org/buffer-shims/-/buffer-shims-1.0.0.tgz"
            }
        },
        "stringstream": {
            "version": "https://registry.npmjs.org/stringstream/-/stringstream-0.0.5.tgz",
            "integrity": "sha1-TkhM1N5aC7vuGORjB3EKioFiGHg="
        },
        "through2": {
            "version": "https://registry.npmjs.org/through2/-/through2-2.0.3.tgz",
            "integrity": "sha1-AARWmzfHx0ujnEPzzteNGtlBQL4=",
            "requires": {
                "readable-stream": "https://registry.npmjs.org/readable-stream/-/readable-stream-2.2.9.tgz",
                "xtend": "https://registry.npmjs.org/xtend/-/xtend-4.0.1.tgz"
            }
        },
        "through2-filter": {
            "version": "https://registry.npmjs.org/through2-filter/-/through2-filter-2.0.0.tgz",
            "integrity": "sha1-YLxVoNrLdghdsfna6Zq0P4PWIuw=",
            "requires": {
                "through2": "https://registry.npmjs.org/through2/-/through2-2.0.3.tgz",
                "xtend": "https://registry.npmjs.org/xtend/-/xtend-4.0.1.tgz"
            }
        },
        "to-absolute-glob": {
            "version": "https://registry.npmjs.org/to-absolute-glob/-/to-absolute-glob-2.0.1.tgz",
            "integrity": "sha1-cMN1gFueMQXome6NvdapqhCPQHs=",
            "requires": {
                "extend-shallow": "https://registry.npmjs.org/extend-shallow/-/extend-shallow-2.0.1.tgz",
                "is-absolute": "https://registry.npmjs.org/is-absolute/-/is-absolute-0.2.6.tgz",
                "is-negated-glob": "https://registry.npmjs.org/is-negated-glob/-/is-negated-glob-1.0.0.tgz"
            }
        },
        "tough-cookie": {
            "version": "https://registry.npmjs.org/tough-cookie/-/tough-cookie-2.3.2.tgz",
            "integrity": "sha1-8IH3bkyFcg5sN6X6ztc3FQ2EByo=",
            "requires": {
                "punycode": "https://registry.npmjs.org/punycode/-/punycode-1.4.1.tgz"
            }
        },
        "tunnel-agent": {
            "version": "https://registry.npmjs.org/tunnel-agent/-/tunnel-agent-0.6.0.tgz",
            "integrity": "sha1-J6XeoGs2sEoKmWZ3SykIaPD8QP0=",
            "requires": {
                "safe-buffer": "https://registry.npmjs.org/safe-buffer/-/safe-buffer-5.0.1.tgz"
            }
        },
        "tweetnacl": {
            "version": "https://registry.npmjs.org/tweetnacl/-/tweetnacl-0.14.5.tgz",
            "integrity": "sha1-WuaBd/GS1EViadEIr6k/+HQ/T2Q=",
            "optional": true
        },
        "typedarray": {
            "version": "https://registry.npmjs.org/typedarray/-/typedarray-0.0.6.tgz",
            "integrity": "sha1-hnrHTjhkGHsdPUfZlqeOxciDB3c="
        },
        "ultron": {
            "version": "https://registry.npmjs.org/ultron/-/ultron-1.1.0.tgz",
            "integrity": "sha1-sHoualQagV/Go0zNRTO67DB8qGQ="
        },
        "unc-path-regex": {
            "version": "https://registry.npmjs.org/unc-path-regex/-/unc-path-regex-0.1.2.tgz",
            "integrity": "sha1-5z3T17DXxe2G+6xrCufYxqadUPo="
        },
        "unique-stream": {
            "version": "https://registry.npmjs.org/unique-stream/-/unique-stream-2.2.1.tgz",
            "integrity": "sha1-WqADz76Uxf+GbE59ZouxxNuts2k=",
            "requires": {
                "json-stable-stringify": "https://registry.npmjs.org/json-stable-stringify/-/json-stable-stringify-1.0.1.tgz",
                "through2-filter": "https://registry.npmjs.org/through2-filter/-/through2-filter-2.0.0.tgz"
            }
        },
        "url": {
            "version": "https://registry.npmjs.org/url/-/url-0.11.0.tgz",
            "integrity": "sha1-ODjpfPxgUh63PFJajlW/3Z4uKPE=",
            "requires": {
                "punycode": "https://registry.npmjs.org/punycode/-/punycode-1.3.2.tgz",
                "querystring": "https://registry.npmjs.org/querystring/-/querystring-0.2.0.tgz"
            },
            "dependencies": {
                "punycode": {
                    "version": "https://registry.npmjs.org/punycode/-/punycode-1.3.2.tgz",
                    "integrity": "sha1-llOgNvt8HuQjQvIyXM7v6jkmxI0="
                }
            }
        },
        "util": {
            "version": "0.10.3",
            "resolved": "https://registry.npmjs.org/util/-/util-0.10.3.tgz",
            "integrity": "sha1-evsa/lCAUkZInj23/g7TeTNqwPk=",
            "requires": {
                "inherits": "2.0.1"
            },
            "dependencies": {
                "inherits": {
                    "version": "2.0.1",
                    "resolved": "https://registry.npmjs.org/inherits/-/inherits-2.0.1.tgz",
                    "integrity": "sha1-sX0I0ya0Qj5Wjv9xn5GwscvfafE="
                }
            }
        },
        "util-deprecate": {
            "version": "https://registry.npmjs.org/util-deprecate/-/util-deprecate-1.0.2.tgz",
            "integrity": "sha1-RQ1Nyfpw3nMnYvvS1KKJgUGaDM8="
        },
        "uuid": {
            "version": "https://registry.npmjs.org/uuid/-/uuid-3.0.1.tgz",
            "integrity": "sha1-ZUS7ot/ajBzxfmKaOjBeK7H+5sE="
        },
        "verror": {
            "version": "https://registry.npmjs.org/verror/-/verror-1.3.6.tgz",
            "integrity": "sha1-z/XfEpRtKX0rqu+qJoniW+AcAFw=",
            "requires": {
                "extsprintf": "https://registry.npmjs.org/extsprintf/-/extsprintf-1.0.2.tgz"
            }
        },
        "websocket-stream": {
            "version": "https://registry.npmjs.org/websocket-stream/-/websocket-stream-4.0.0.tgz",
            "integrity": "sha1-NYOGyrGwBw4XsytDf3TxvBnhOJA=",
            "requires": {
                "duplexify": "https://registry.npmjs.org/duplexify/-/duplexify-3.5.0.tgz",
                "inherits": "https://registry.npmjs.org/inherits/-/inherits-2.0.3.tgz",
                "readable-stream": "https://registry.npmjs.org/readable-stream/-/readable-stream-2.2.9.tgz",
                "safe-buffer": "https://registry.npmjs.org/safe-buffer/-/safe-buffer-5.0.1.tgz",
                "ws": "https://registry.npmjs.org/ws/-/ws-2.2.3.tgz",
                "xtend": "https://registry.npmjs.org/xtend/-/xtend-4.0.1.tgz"
            }
        },
        "winston": {
            "version": "https://registry.npmjs.org/winston/-/winston-2.3.1.tgz",
            "integrity": "sha1-C0hCDZeMAYBM8CMLZIhhWYIloRk=",
            "requires": {
                "async": "https://registry.npmjs.org/async/-/async-1.0.0.tgz",
                "colors": "https://registry.npmjs.org/colors/-/colors-1.0.3.tgz",
                "cycle": "https://registry.npmjs.org/cycle/-/cycle-1.0.3.tgz",
                "eyes": "https://registry.npmjs.org/eyes/-/eyes-0.1.8.tgz",
                "isstream": "https://registry.npmjs.org/isstream/-/isstream-0.1.2.tgz",
                "stack-trace": "https://registry.npmjs.org/stack-trace/-/stack-trace-0.0.9.tgz"
            }
        },
        "winston-splunk-httplogger": {
            "version": "1.2.2",
            "resolved": "https://registry.npmjs.org/winston-splunk-httplogger/-/winston-splunk-httplogger-1.2.2.tgz",
            "integrity": "sha1-/EjXNptb54ayqFswXM+HWI8oKYw=",
            "requires": {
                "splunk-logging": "0.9.3",
                "util": "0.10.3",
                "winston": "https://registry.npmjs.org/winston/-/winston-2.3.1.tgz"
            }
        },
        "wrappy": {
            "version": "https://registry.npmjs.org/wrappy/-/wrappy-1.0.2.tgz",
            "integrity": "sha1-tSQ9jz7BqjXxNkYFvA0QNuMKtp8="
        },
        "ws": {
            "version": "https://registry.npmjs.org/ws/-/ws-2.2.3.tgz",
            "integrity": "sha1-82yXGaVt/4E/RVr5EqIHgUW72UA=",
            "requires": {
                "safe-buffer": "https://registry.npmjs.org/safe-buffer/-/safe-buffer-5.0.1.tgz",
                "ultron": "https://registry.npmjs.org/ultron/-/ultron-1.1.0.tgz"
            }
        },
        "xtend": {
            "version": "https://registry.npmjs.org/xtend/-/xtend-4.0.1.tgz",
            "integrity": "sha1-pcbVMr5lbiPbgg77lDofBJmNY68="
        }
    }
}
